
Microsoft Visual Studio Solution File, Format Version 12.00
# Visual Studio 15
VisualStudioVersion = 15.0.28307.1831
MinimumVisualStudioVersion = 10.0.40219.1
Project("{FAE04EC0-301F-11D3-BF4B-00C04F79EFBC}") = "Amortizaciones", "Amortizaciones\Amortizaciones.csproj", "{EEC4F227-5394-4140-8872-24304760DB4A}"
EndProject
Global
	GlobalSection(SolutionConfigurationPlatforms) = preSolution
		Debug|Any CPU = Debug|Any CPU
		Release|Any CPU = Release|Any CPU
	EndGlobalSection
	GlobalSection(ProjectConfigurationPlatforms) = postSolution
		{EEC4F227-5394-4140-8872-24304760DB4A}.Debug|Any CPU.ActiveCfg = Debug|Any CPU
		{EEC4F227-5394-4140-8872-24304760DB4A}.Debug|Any CPU.Build.0 = Debug|Any CPU
		{EEC4F227-5394-4140-8872-24304760DB4A}.Release|Any CPU.ActiveCfg = Release|Any CPU
		{EEC4F227-5394-4140-8872-24304760DB4A}.Release|Any CPU.Build.0 = Release|Any CPU
	EndGlobalSection
	GlobalSection(SolutionProperties) = preSolution
		HideSolutionNode = FALSE
	EndGlobalSection
	GlobalSection(ExtensibilityGlobals) = postSolution
		SolutionGuid = {49210C20-3F86-4348-944D-F4EDE5EF51FF}
	EndGlobalSection
EndGlobal
